# This file is autogenerated, do not edit; changes may be undone by the next 'dep ensure'.


[[projects]]
  digest = "1:c4177863024a0709973347c49f87bbcf6aaed3161ceab59280b848b885857532"
  name = "github.com/aws/aws-sdk-go"
  packages = [
    "aws",
    "aws/awserr",
    "aws/awsutil",
    "aws/client",
    "aws/client/metadata",
    "aws/corehandlers",
    "aws/credentials",
    "aws/credentials/ec2rolecreds",
    "aws/credentials/endpointcreds",
    "aws/credentials/stscreds",
    "aws/csm",
    "aws/defaults",
    "aws/ec2metadata",
    "aws/endpoints",
    "aws/request",
    "aws/session",
    "aws/signer/v4",
    "internal/sdkio",
    "internal/sdkrand",
    "internal/sdkuri",
    "internal/shareddefaults",
    "private/protocol",
    "private/protocol/json/jsonutil",
    "private/protocol/jsonrpc",
    "private/protocol/query",
    "private/protocol/query/queryutil",
    "private/protocol/rest",
    "private/protocol/xml/xmlutil",
    "service/pricing",
    "service/sts",
  ]
  pruneopts = "UT"
  revision = "daed0c76021ea9c4e659e3ec80bcd2d657297100"
  version = "v1.15.12"

[[projects]]
  digest = "1:a2c1d0e43bd3baaa071d1b9ed72c27d78169b2b269f71c105ac4ba34b1be4a39"
  name = "github.com/davecgh/go-spew"
  packages = ["spew"]
  pruneopts = "UT"
  revision = "346938d642f2ec3594ed81d874461961cd0faa76"
  version = "v1.1.0"

[[projects]]
  digest = "1:fe8a03a8222d5b913f256972933d26d24ad7c8286692a42943bc01633cc8fce3"
  name = "github.com/go-ini/ini"
  packages = ["."]
  pruneopts = "UT"
  revision = "358ee7663966325963d4e8b2e1fbd570c5195153"
  version = "v1.38.1"

[[projects]]
  digest = "1:e22af8c7518e1eab6f2eab2b7d7558927f816262586cd6ed9f349c97a6c285c4"
  name = "github.com/jmespath/go-jmespath"
  packages = ["."]
  pruneopts = "UT"
  revision = "0b12d6b5"

[[projects]]
  branch = "master"
  digest = "1:bc100ef642e60ec09cfd4e8d9d4a4d03d47190fc054def81852f4d6b792dbb16"
  name = "github.com/jonhadfield/aws-pricing-typer"
  packages = ["."]
  pruneopts = "UT"
  revision = "d73bcf84afd6063dd34d5b0719601d3dfede75e6"

[[projects]]
  digest = "1:cdb899c199f907ac9fb50495ec71212c95cb5b0e0a8ee0800da0238036091033"
  name = "github.com/mattn/go-runewidth"
  packages = ["."]
  pruneopts = "UT"
  revision = "ce7b0b5c7b45a81508558cd1dba6bb1e4ddb51bb"
  version = "v0.0.3"

[[projects]]
  branch = "master"
  digest = "1:4daa045e1e1f3e23f4b07db6880cdf9f259dab65312dfe244a878e6070faaf77"
  name = "github.com/olekukonko/tablewriter"
  packages = ["."]
  pruneopts = "UT"
  revision = "d4647c9c7a84d847478d890b816b7d8b62b0b279"

[[projects]]
  digest = "1:b24d38b282bacf9791408a080f606370efa3d364e4b5fd9ba0f7b87786d3b679"
  name = "github.com/urfave/cli"
  packages = ["."]
  pruneopts = "UT"
  revision = "cfb38830724cc34fedffe9a2a29fb54fa9169cd1"
  version = "v1.20.0"

[solve-meta]
  analyzer-name = "dep"
  analyzer-version = 1
  input-imports = [
    "github.com/aws/aws-sdk-go/aws",
    "github.com/aws/aws-sdk-go/aws/session",
    "github.com/aws/aws-sdk-go/service/pricing",
    "github.com/davecgh/go-spew/spew",
    "github.com/jonhadfield/aws-pricing-typer",
    "github.com/olekukonko/tablewriter",
    "github.com/urfave/cli",
  ]
  solver-name = "gps-cdcl"
  solver-version = 1
